<?xml version="1.0" encoding="utf-8"?>
<Project ToolsVersion="4.0" xmlns="http://schemas.microsoft.com/developer/msbuild/2003">
  <ItemGroup>
    <Filter Include="Source Files">
      <UniqueIdentifier>{4FC737F1-C7A5-4376-A066-2A32D752A2FF}</UniqueIdentifier>
      <Extensions>cpp;c;cc;cxx;def;odl;idl;hpj;bat;asm;asmx</Extensions>
    </Filter>
    <Filter Include="Header Files">
      <UniqueIdentifier>{93995380-89BD-4b04-88EB-625FBE52EBFB}</UniqueIdentifier>
      <Extensions>h;hh;hpp;hxx;hm;inl;inc;ipp;xsd</Extensions>
    </Filter>
    <Filter Include="Resource Files">
      <UniqueIdentifier>{67DA6AB6-F800-4c08-8B7A-83BB121AAD01}</UniqueIdentifier>
      <Extensions>rc;ico;cur;bmp;dlg;rc2;rct;bin;rgs;gif;jpg;jpeg;jpe;resx;tiff;tif;png;wav;mfcribbon-ms</Extensions>
    </Filter>
    <Filter Include="Header Files\Glew">
      <UniqueIdentifier>{002a6359-1a57-4735-94e8-2a8a4681adad}</UniqueIdentifier>
    </Filter>
    <Filter Include="Source Files\Glew">
      <UniqueIdentifier>{acb86990-f7c0-40c4-9d05-b57f805f8f6a}</UniqueIdentifier>
    </Filter>
    <Filter Include="Header Files\OpenGL">
      <UniqueIdentifier>{43a4e826-b7bc-49b0-939a-69f04c5fbf1f}</UniqueIdentifier>
    </Filter>
    <Filter Include="Source Files\OpenGL">
      <UniqueIdentifier>{52efcd76-a446-463a-bedd-88aad842d562}</UniqueIdentifier>
    </Filter>
    <Filter Include="Source Files\LoadPNG">
      <UniqueIdentifier>{3ba57583-7e12-42ca-b1e5-d9a87e66e4bb}</UniqueIdentifier>
    </Filter>
    <Filter Include="Header Files\LoadPNG">
      <UniqueIdentifier>{700969a9-86c2-4b60-84bc-ec25e4bf57e8}</UniqueIdentifier>
    </Filter>
    <Filter Include="Header Files\Engine Core">
      <UniqueIdentifier>{490a0933-a44a-4681-bfbd-3b7350a69049}</UniqueIdentifier>
    </Filter>
    <Filter Include="Header Files\Engine Core\Components">
      <UniqueIdentifier>{50ed0e0f-28ad-4999-a8f2-a5a55c7d7594}</UniqueIdentifier>
    </Filter>
    <Filter Include="Source Files\Engine Core">
      <UniqueIdentifier>{7ec66438-3692-4989-8638-7dda9a8c4306}</UniqueIdentifier>
    </Filter>
    <Filter Include="Source Files\Engine Core\Components">
      <UniqueIdentifier>{ed7c0b84-bce2-485f-93cd-1f3f01bc99a9}</UniqueIdentifier>
    </Filter>
    <Filter Include="Source Files\Engine Core\Components\Lights">
      <UniqueIdentifier>{02aee4d0-6e66-452e-ba9b-4728ad4a6a6d}</UniqueIdentifier>
    </Filter>
    <Filter Include="Header Files\Engine Core\Components\Lights">
      <UniqueIdentifier>{a749cd67-e789-41c8-9ccf-13da9a625c22}</UniqueIdentifier>
    </Filter>
  </ItemGroup>
  <ItemGroup>
    <ClCompile Include="Main.cpp">
      <Filter>Source Files</Filter>
    </ClCompile>
    <ClCompile Include="glew.c">
      <Filter>Source Files\Glew</Filter>
    </ClCompile>
    <ClCompile Include="Mesh.cpp">
      <Filter>Source Files\OpenGL</Filter>
    </ClCompile>
    <ClCompile Include="Shader.cpp">
      <Filter>Source Files\OpenGL</Filter>
    </ClCompile>
    <ClCompile Include="lodepng.cpp">
      <Filter>Source Files\LoadPNG</Filter>
    </ClCompile>
    <ClCompile Include="Material.cpp">
      <Filter>Source Files\OpenGL</Filter>
    </ClCompile>
    <ClCompile Include="Camera.cpp">
      <Filter>Source Files\Engine Core</Filter>
    </ClCompile>
    <ClCompile Include="Component.cpp">
      <Filter>Source Files\Engine Core\Components</Filter>
    </ClCompile>
    <ClCompile Include="GameObject.cpp">
      <Filter>Source Files\Engine Core</Filter>
    </ClCompile>
    <ClCompile Include="InputManager.cpp">
      <Filter>Source Files\Engine Core</Filter>
    </ClCompile>
    <ClCompile Include="Core.cpp">
      <Filter>Source Files\Engine Core</Filter>
    </ClCompile>
    <ClCompile Include="MeshRenderer.cpp">
      <Filter>Source Files\Engine Core\Components</Filter>
    </ClCompile>
    <ClCompile Include="Light.cpp">
      <Filter>Source Files\Engine Core\Components\Lights</Filter>
    </ClCompile>
    <ClCompile Include="PointLight.cpp">
      <Filter>Source Files\Engine Core\Components\Lights</Filter>
    </ClCompile>
    <ClCompile Include="SpotLight.cpp">
      <Filter>Source Files\Engine Core\Components\Lights</Filter>
    </ClCompile>
    <ClCompile Include="FrameBuffer.cpp">
      <Filter>Source Files\OpenGL</Filter>
    </ClCompile>
    <ClCompile Include="Resource.cpp">
      <Filter>Source Files</Filter>
    </ClCompile>
    <ClCompile Include="Resources.cpp">
      <Filter>Source Files</Filter>
    </ClCompile>
    <ClCompile Include="RefreshException.cpp">
      <Filter>Source Files</Filter>
    </ClCompile>
  </ItemGroup>
  <ItemGroup>
    <ClInclude Include="glew.h">
      <Filter>Header Files\Glew</Filter>
    </ClInclude>
    <ClInclude Include="wglew.h">
      <Filter>Header Files\Glew</Filter>
    </ClInclude>
    <ClInclude Include="Mesh.h">
      <Filter>Header Files\OpenGL</Filter>
    </ClInclude>
    <ClInclude Include="Shader.h">
      <Filter>Header Files\OpenGL</Filter>
    </ClInclude>
    <ClInclude Include="lodepng.h">
      <Filter>Header Files\LoadPNG</Filter>
    </ClInclude>
    <ClInclude Include="Material.h">
      <Filter>Header Files\OpenGL</Filter>
    </ClInclude>
    <ClInclude Include="Core.h">
      <Filter>Header Files\Engine Core</Filter>
    </ClInclude>
    <ClInclude Include="InputManager.h">
      <Filter>Header Files\Engine Core</Filter>
    </ClInclude>
    <ClInclude Include="GameObject.h">
      <Filter>Header Files\Engine Core</Filter>
    </ClInclude>
    <ClInclude Include="Camera.h">
      <Filter>Header Files\Engine Core</Filter>
    </ClInclude>
    <ClInclude Include="Component.h">
      <Filter>Header Files\Engine Core\Components</Filter>
    </ClInclude>
    <ClInclude Include="MeshRenderer.h">
      <Filter>Header Files\Engine Core\Components</Filter>
    </ClInclude>
    <ClInclude Include="Light.h">
      <Filter>Header Files\Engine Core\Components\Lights</Filter>
    </ClInclude>
    <ClInclude Include="SpotLight.h">
      <Filter>Header Files\Engine Core\Components\Lights</Filter>
    </ClInclude>
    <ClInclude Include="PointLight.h">
      <Filter>Header Files\Engine Core\Components\Lights</Filter>
    </ClInclude>
    <ClInclude Include="FrameBuffer.h">
      <Filter>Header Files\OpenGL</Filter>
    </ClInclude>
    <ClInclude Include="Resource.h">
      <Filter>Header Files\Engine Core</Filter>
    </ClInclude>
    <ClInclude Include="Resources.h">
      <Filter>Header Files</Filter>
    </ClInclude>
    <ClInclude Include="RefreshException.h">
      <Filter>Header Files</Filter>
    </ClInclude>
  </ItemGroup>
</Project>